// !$*UTF8*$!
{
	archiveVersion = 1;
	classes = {
	};
	objectVersion = 46;
	objects = {

/* Begin PBXBuildFile section */
		240B834A13D3FF1500C22801 /* UIKit.framework in Frameworks */ = {isa = PBXBuildFile; fileRef = 24F78A7713B6F8A800952372 /* UIKit.framework */; };
		240B834B13D3FF1500C22801 /* Foundation.framework in Frameworks */ = {isa = PBXBuildFile; fileRef = 24F78A7913B6F8A800952372 /* Foundation.framework */; };
		240B834C13D3FF1500C22801 /* CoreGraphics.framework in Frameworks */ = {isa = PBXBuildFile; fileRef = 24F78A7B13B6F8A800952372 /* CoreGraphics.framework */; };
		240B835213D3FF1500C22801 /* InfoPlist.strings in Resources */ = {isa = PBXBuildFile; fileRef = 240B835013D3FF1500C22801 /* InfoPlist.strings */; };
		240B835513D3FF1500C22801 /* CalculatorTest.h in Resources */ = {isa = PBXBuildFile; fileRef = 240B835413D3FF1500C22801 /* CalculatorTest.h */; };
		240B835713D3FF1500C22801 /* CalculatorTest.m in Sources */ = {isa = PBXBuildFile; fileRef = 240B835613D3FF1500C22801 /* CalculatorTest.m */; };
		240B835C13D401E900C22801 /* CalculatorBrain.m in Sources */ = {isa = PBXBuildFile; fileRef = 24F78A9813B6F91900952372 /* CalculatorBrain.m */; };
		24F78A7813B6F8A800952372 /* UIKit.framework in Frameworks */ = {isa = PBXBuildFile; fileRef = 24F78A7713B6F8A800952372 /* UIKit.framework */; };
		24F78A7A13B6F8A800952372 /* Foundation.framework in Frameworks */ = {isa = PBXBuildFile; fileRef = 24F78A7913B6F8A800952372 /* Foundation.framework */; };
		24F78A7C13B6F8A800952372 /* CoreGraphics.framework in Frameworks */ = {isa = PBXBuildFile; fileRef = 24F78A7B13B6F8A800952372 /* CoreGraphics.framework */; };
		24F78A8213B6F8A800952372 /* InfoPlist.strings in Resources */ = {isa = PBXBuildFile; fileRef = 24F78A8013B6F8A800952372 /* InfoPlist.strings */; };
		24F78A8513B6F8A800952372 /* main.m in Sources */ = {isa = PBXBuildFile; fileRef = 24F78A8413B6F8A800952372 /* main.m */; };
		24F78A8813B6F8A800952372 /* CalculatorAppDelegate.m in Sources */ = {isa = PBXBuildFile; fileRef = 24F78A8713B6F8A800952372 /* CalculatorAppDelegate.m */; };
		24F78A8B13B6F8A800952372 /* MainWindow.xib in Resources */ = {isa = PBXBuildFile; fileRef = 24F78A8913B6F8A800952372 /* MainWindow.xib */; };
		24F78A8E13B6F8A800952372 /* CalculatorViewController.m in Sources */ = {isa = PBXBuildFile; fileRef = 24F78A8D13B6F8A800952372 /* CalculatorViewController.m */; };
		24F78A9113B6F8A800952372 /* CalculatorViewController.xib in Resources */ = {isa = PBXBuildFile; fileRef = 24F78A8F13B6F8A800952372 /* CalculatorViewController.xib */; };
		24F78A9913B6F91900952372 /* CalculatorBrain.m in Sources */ = {isa = PBXBuildFile; fileRef = 24F78A9813B6F91900952372 /* CalculatorBrain.m */; };
/* End PBXBuildFile section */

/* Begin PBXFileReference section */
		240B834913D3FF1500C22801 /* CalculatorTest.octest */ = {isa = PBXFileReference; explicitFileType = wrapper.cfbundle; includeInIndex = 0; path = CalculatorTest.octest; sourceTree = BUILT_PRODUCTS_DIR; };
		240B834F13D3FF1500C22801 /* CalculatorTest-Info.plist */ = {isa = PBXFileReference; lastKnownFileType = text.plist.xml; path = "CalculatorTest-Info.plist"; sourceTree = "<group>"; };
		240B835113D3FF1500C22801 /* en */ = {isa = PBXFileReference; lastKnownFileType = text.plist.strings; name = en; path = en.lproj/InfoPlist.strings; sourceTree = "<group>"; };
		240B835313D3FF1500C22801 /* CalculatorTest-Prefix.pch */ = {isa = PBXFileReference; lastKnownFileType = sourcecode.c.h; path = "CalculatorTest-Prefix.pch"; sourceTree = "<group>"; };
		240B835413D3FF1500C22801 /* CalculatorTest.h */ = {isa = PBXFileReference; lastKnownFileType = sourcecode.c.h; path = CalculatorTest.h; sourceTree = "<group>"; };
		240B835613D3FF1500C22801 /* CalculatorTest.m */ = {isa = PBXFileReference; lastKnownFileType = sourcecode.c.objc; path = CalculatorTest.m; sourceTree = "<group>"; };
		24F78A7313B6F8A800952372 /* Calculator.app */ = {isa = PBXFileReference; explicitFileType = wrapper.application; includeInIndex = 0; path = Calculator.app; sourceTree = BUILT_PRODUCTS_DIR; };
		24F78A7713B6F8A800952372 /* UIKit.framework */ = {isa = PBXFileReference; lastKnownFileType = wrapper.framework; name = UIKit.framework; path = System/Library/Frameworks/UIKit.framework; sourceTree = SDKROOT; };
		24F78A7913B6F8A800952372 /* Foundation.framework */ = {isa = PBXFileReference; lastKnownFileType = wrapper.framework; name = Foundation.framework; path = System/Library/Frameworks/Foundation.framework; sourceTree = SDKROOT; };
		24F78A7B13B6F8A800952372 /* CoreGraphics.framework */ = {isa = PBXFileReference; lastKnownFileType = wrapper.framework; name = CoreGraphics.framework; path = System/Library/Frameworks/CoreGraphics.framework; sourceTree = SDKROOT; };
		24F78A7F13B6F8A800952372 /* Calculator-Info.plist */ = {isa = PBXFileReference; lastKnownFileType = text.plist.xml; path = "Calculator-Info.plist"; sourceTree = "<group>"; };
		24F78A8113B6F8A800952372 /* en */ = {isa = PBXFileReference; lastKnownFileType = text.plist.strings; name = en; path = en.lproj/InfoPlist.strings; sourceTree = "<group>"; };
		24F78A8313B6F8A800952372 /* Calculator-Prefix.pch */ = {isa = PBXFileReference; lastKnownFileType = sourcecode.c.h; path = "Calculator-Prefix.pch"; sourceTree = "<group>"; };
		24F78A8413B6F8A800952372 /* main.m */ = {isa = PBXFileReference; lastKnownFileType = sourcecode.c.objc; path = main.m; sourceTree = "<group>"; };
		24F78A8613B6F8A800952372 /* CalculatorAppDelegate.h */ = {isa = PBXFileReference; lastKnownFileType = sourcecode.c.h; path = CalculatorAppDelegate.h; sourceTree = "<group>"; };
		24F78A8713B6F8A800952372 /* CalculatorAppDelegate.m */ = {isa = PBXFileReference; lastKnownFileType = sourcecode.c.objc; path = CalculatorAppDelegate.m; sourceTree = "<group>"; };
		24F78A8A13B6F8A800952372 /* en */ = {isa = PBXFileReference; lastKnownFileType = file.xib; name = en; path = en.lproj/MainWindow.xib; sourceTree = "<group>"; };
		24F78A8C13B6F8A800952372 /* CalculatorViewController.h */ = {isa = PBXFileReference; lastKnownFileType = sourcecode.c.h; path = CalculatorViewController.h; sourceTree = "<group>"; };
		24F78A8D13B6F8A800952372 /* CalculatorViewController.m */ = {isa = PBXFileReference; lastKnownFileType = sourcecode.c.objc; path = CalculatorViewController.m; sourceTree = "<group>"; };
		24F78A9013B6F8A800952372 /* en */ = {isa = PBXFileReference; lastKnownFileType = file.xib; name = en; path = en.lproj/CalculatorViewController.xib; sourceTree = "<group>"; };
		24F78A9713B6F91900952372 /* CalculatorBrain.h */ = {isa = PBXFileReference; fileEncoding = 4; lastKnownFileType = sourcecode.c.h; path = CalculatorBrain.h; sourceTree = SOURCE_ROOT; };
		24F78A9813B6F91900952372 /* CalculatorBrain.m */ = {isa = PBXFileReference; fileEncoding = 4; lastKnownFileType = sourcecode.c.objc; path = CalculatorBrain.m; sourceTree = SOURCE_ROOT; };
/* End PBXFileReference section */

/* Begin PBXFrameworksBuildPhase section */
		240B834513D3FF1500C22801 /* Frameworks */ = {
			isa = PBXFrameworksBuildPhase;
			buildActionMask = 2147483647;
			files = (
				240B834A13D3FF1500C22801 /* UIKit.framework in Frameworks */,
				240B834B13D3FF1500C22801 /* Foundation.framework in Frameworks */,
				240B834C13D3FF1500C22801 /* CoreGraphics.framework in Frameworks */,
			);
			runOnlyForDeploymentPostprocessing = 0;
		};
		24F78A7013B6F8A800952372 /* Frameworks */ = {
			isa = PBXFrameworksBuildPhase;
			buildActionMask = 2147483647;
			files = (
				24F78A7813B6F8A800952372 /* UIKit.framework in Frameworks */,
				24F78A7A13B6F8A800952372 /* Foundation.framework in Frameworks */,
				24F78A7C13B6F8A800952372 /* CoreGraphics.framework in Frameworks */,
			);
			runOnlyForDeploymentPostprocessing = 0;
		};
/* End PBXFrameworksBuildPhase section */

/* Begin PBXGroup section */
		240B834D13D3FF1500C22801 /* CalculatorTest */ = {
			isa = PBXGroup;
			children = (
				240B835413D3FF1500C22801 /* CalculatorTest.h */,
				240B835613D3FF1500C22801 /* CalculatorTest.m */,
				240B834E13D3FF1500C22801 /* Supporting Files */,
			);
			path = CalculatorTest;
			sourceTree = "<group>";
		};
		240B834E13D3FF1500C22801 /* Supporting Files */ = {
			isa = PBXGroup;
			children = (
				240B834F13D3FF1500C22801 /* CalculatorTest-Info.plist */,
				240B835013D3FF1500C22801 /* InfoPlist.strings */,
				240B835313D3FF1500C22801 /* CalculatorTest-Prefix.pch */,
			);
			name = "Supporting Files";
			sourceTree = "<group>";
		};
		24F78A6813B6F8A800952372 = {
			isa = PBXGroup;
			children = (
				24F78A7D13B6F8A800952372 /* Calculator */,
				240B834D13D3FF1500C22801 /* CalculatorTest */,
				24F78A7613B6F8A800952372 /* Frameworks */,
				24F78A7413B6F8A800952372 /* Products */,
			);
			sourceTree = "<group>";
		};
		24F78A7413B6F8A800952372 /* Products */ = {
			isa = PBXGroup;
			children = (
				24F78A7313B6F8A800952372 /* Calculator.app */,
				240B834913D3FF1500C22801 /* CalculatorTest.octest */,
			);
			name = Products;
			sourceTree = "<group>";
		};
		24F78A7613B6F8A800952372 /* Frameworks */ = {
			isa = PBXGroup;
			children = (
				24F78A7713B6F8A800952372 /* UIKit.framework */,
				24F78A7913B6F8A800952372 /* Foundation.framework */,
				24F78A7B13B6F8A800952372 /* CoreGraphics.framework */,
			);
			name = Frameworks;
			sourceTree = "<group>";
		};
		24F78A7D13B6F8A800952372 /* Calculator */ = {
			isa = PBXGroup;
			children = (
				24F78A9713B6F91900952372 /* CalculatorBrain.h */,
				24F78A9813B6F91900952372 /* CalculatorBrain.m */,
				24F78A8613B6F8A800952372 /* CalculatorAppDelegate.h */,
				24F78A8713B6F8A800952372 /* CalculatorAppDelegate.m */,
				24F78A8913B6F8A800952372 /* MainWindow.xib */,
				24F78A8C13B6F8A800952372 /* CalculatorViewController.h */,
				24F78A8D13B6F8A800952372 /* CalculatorViewController.m */,
				24F78A8F13B6F8A800952372 /* CalculatorViewController.xib */,
				24F78A7E13B6F8A800952372 /* Supporting Files */,
			);
			path = Calculator;
			sourceTree = "<group>";
		};
		24F78A7E13B6F8A800952372 /* Supporting Files */ = {
			isa = PBXGroup;
			children = (
				24F78A7F13B6F8A800952372 /* Calculator-Info.plist */,
				24F78A8013B6F8A800952372 /* InfoPlist.strings */,
				24F78A8313B6F8A800952372 /* Calculator-Prefix.pch */,
				24F78A8413B6F8A800952372 /* main.m */,
			);
			name = "Supporting Files";
			sourceTree = "<group>";
		};
/* End PBXGroup section */

/* Begin PBXNativeTarget section */
		240B834813D3FF1500C22801 /* CalculatorTest */ = {
			isa = PBXNativeTarget;
			buildConfigurationList = 240B835A13D3FF1500C22801 /* Build configuration list for PBXNativeTarget "CalculatorTest" */;
			buildPhases = (
				240B834413D3FF1500C22801 /* Sources */,
				240B834513D3FF1500C22801 /* Frameworks */,
				240B834613D3FF1500C22801 /* Resources */,
				240B834713D3FF1500C22801 /* ShellScript */,
			);
			buildRules = (
			);
			dependencies = (
			);
			name = CalculatorTest;
			productName = CalculatorTest;
			productReference = 240B834913D3FF1500C22801 /* CalculatorTest.octest */;
			productType = "com.apple.product-type.bundle";
		};
		24F78A7213B6F8A800952372 /* Calculator */ = {
			isa = PBXNativeTarget;
			buildConfigurationList = 24F78A9413B6F8A800952372 /* Build configuration list for PBXNativeTarget "Calculator" */;
			buildPhases = (
				24F78A6F13B6F8A800952372 /* Sources */,
				24F78A7013B6F8A800952372 /* Frameworks */,
				24F78A7113B6F8A800952372 /* Resources */,
			);
			buildRules = (
			);
			dependencies = (
			);
			name = Calculator;
			productName = Calculator;
			productReference = 24F78A7313B6F8A800952372 /* Calculator.app */;
			productType = "com.apple.product-type.application";
		};
/* End PBXNativeTarget section */

/* Begin PBXProject section */
		24F78A6A13B6F8A800952372 /* Project object */ = {
			isa = PBXProject;
			buildConfigurationList = 24F78A6D13B6F8A800952372 /* Build configuration list for PBXProject "Calculator" */;
			compatibilityVersion = "Xcode 3.2";
			developmentRegion = English;
			hasScannedForEncodings = 0;
			knownRegions = (
				en,
			);
			mainGroup = 24F78A6813B6F8A800952372;
			productRefGroup = 24F78A7413B6F8A800952372 /* Products */;
			projectDirPath = "";
			projectRoot = "";
			targets = (
				24F78A7213B6F8A800952372 /* Calculator */,
				240B834813D3FF1500C22801 /* CalculatorTest */,
			);
		};
/* End PBXProject section */

/* Begin PBXResourcesBuildPhase section */
		240B834613D3FF1500C22801 /* Resources */ = {
			isa = PBXResourcesBuildPhase;
			buildActionMask = 2147483647;
			files = (
				240B835213D3FF1500C22801 /* InfoPlist.strings in Resources */,
				240B835513D3FF1500C22801 /* CalculatorTest.h in Resources */,
			);
			runOnlyForDeploymentPostprocessing = 0;
		};
		24F78A7113B6F8A800952372 /* Resources */ = {
			isa = PBXResourcesBuildPhase;
			buildActionMask = 2147483647;
			files = (
				24F78A8213B6F8A800952372 /* InfoPlist.strings in Resources */,
				24F78A8B13B6F8A800952372 /* MainWindow.xib in Resources */,
				24F78A9113B6F8A800952372 /* CalculatorViewController.xib in Resources */,
			);
			runOnlyForDeploymentPostprocessing = 0;
		};
/* End PBXResourcesBuildPhase section */

/* Begin PBXShellScriptBuildPhase section */
		240B834713D3FF1500C22801 /* ShellScript */ = {
			isa = PBXShellScriptBuildPhase;
			buildActionMask = 2147483647;
			files = (
			);
			inputPaths = (
			);
			outputPaths = (
			);
			runOnlyForDeploymentPostprocessing = 0;
			shellPath = /bin/sh;
			shellScript = "# Run the unit tests in this test bundle.\n\"${SYSTEM_DEVELOPER_DIR}/Tools/RunUnitTests\"\n";
		};
/* End PBXShellScriptBuildPhase section */

/* Begin PBXSourcesBuildPhase section */
		240B834413D3FF1500C22801 /* Sources */ = {
			isa = PBXSourcesBuildPhase;
			buildActionMask = 2147483647;
			files = (
				240B835713D3FF1500C22801 /* CalculatorTest.m in Sources */,
				240B835C13D401E900C22801 /* CalculatorBrain.m in Sources */,
			);
			runOnlyForDeploymentPostprocessing = 0;
		};
		24F78A6F13B6F8A800952372 /* Sources */ = {
			isa = PBXSourcesBuildPhase;
			buildActionMask = 2147483647;
			files = (
				24F78A8513B6F8A800952372 /* main.m in Sources */,
				24F78A8813B6F8A800952372 /* CalculatorAppDelegate.m in Sources */,
				24F78A8E13B6F8A800952372 /* CalculatorViewController.m in Sources */,
				24F78A9913B6F91900952372 /* CalculatorBrain.m in Sources */,
			);
			runOnlyForDeploymentPostprocessing = 0;
		};
/* End PBXSourcesBuildPhase section */

/* Begin PBXVariantGroup section */
		240B835013D3FF1500C22801 /* InfoPlist.strings */ = {
			isa = PBXVariantGroup;
			children = (
				240B835113D3FF1500C22801 /* en */,
			);
			name = InfoPlist.strings;
			sourceTree = "<group>";
		};
		24F78A8013B6F8A800952372 /* InfoPlist.strings */ = {
			isa = PBXVariantGroup;
			children = (
				24F78A8113B6F8A800952372 /* en */,
			);
			name = InfoPlist.strings;
			sourceTree = "<group>";
		};
		24F78A8913B6F8A800952372 /* MainWindow.xib */ = {
			isa = PBXVariantGroup;
			children = (
				24F78A8A13B6F8A800952372 /* en */,
			);
			name = MainWindow.xib;
			sourceTree = "<group>";
		};
		24F78A8F13B6F8A800952372 /* CalculatorViewController.xib */ = {
			isa = PBXVariantGroup;
			children = (
				24F78A9013B6F8A800952372 /* en */,
			);
			name = CalculatorViewController.xib;
			sourceTree = "<group>";
		};
/* End PBXVariantGroup section */

/* Begin XCBuildConfiguration section */
		240B835813D3FF1500C22801 /* Debug */ = {
			isa = XCBuildConfiguration;
			buildSettings = {
				ALWAYS_SEARCH_USER_PATHS = NO;
				FRAMEWORK_SEARCH_PATHS = (
					"$(SDKROOT)/Developer/Library/Frameworks",
					"$(DEVELOPER_LIBRARY_DIR)/Frameworks",
				);
				GCC_PRECOMPILE_PREFIX_HEADER = YES;
				GCC_PREFIX_HEADER = "CalculatorTest/CalculatorTest-Prefix.pch";
				INFOPLIST_FILE = "CalculatorTest/CalculatorTest-Info.plist";
				OTHER_LDFLAGS = (
					"-framework",
					SenTestingKit,
				);
				PRODUCT_NAME = "$(TARGET_NAME)";
				WRAPPER_EXTENSION = octest;
			};
			name = Debug;
		};
		240B835913D3FF1500C22801 /* Release */ = {
			isa = XCBuildConfiguration;
			buildSettings = {
				ALWAYS_SEARCH_USER_PATHS = NO;
				FRAMEWORK_SEARCH_PATHS = (
					"$(SDKROOT)/Developer/Library/Frameworks",
					"$(DEVELOPER_LIBRARY_DIR)/Frameworks",
				);
				GCC_PRECOMPILE_PREFIX_HEADER = YES;
				GCC_PREFIX_HEADER = "CalculatorTest/CalculatorTest-Prefix.pch";
				INFOPLIST_FILE = "CalculatorTest/CalculatorTest-Info.plist";
				OTHER_LDFLAGS = (
					"-framework",
					SenTestingKit,
				);
				PRODUCT_NAME = "$(TARGET_NAME)";
				WRAPPER_EXTENSION = octest;
			};
			name = Release;
		};
		24F78A9213B6F8A800952372 /* Debug */ = {
			isa = XCBuildConfiguration;
			buildSettings = {
				ARCHS = "$(ARCHS_STANDARD_32_BIT)";
				"CODE_SIGN_IDENTITY[sdk=iphoneos*]" = "iPhone Developer";
				GCC_C_LANGUAGE_STANDARD = gnu99;
				GCC_OPTIMIZATION_LEVEL = 0;
				GCC_PREPROCESSOR_DEFINITIONS = DEBUG;
				GCC_SYMBOLS_PRIVATE_EXTERN = NO;
				GCC_VERSION = com.apple.compilers.llvmgcc42;
				GCC_WARN_ABOUT_RETURN_TYPE = YES;
				GCC_WARN_UNUSED_VARIABLE = YES;
				IPHONEOS_DEPLOYMENT_TARGET = 4.3;
				SDKROOT = iphoneos;
			};
			name = Debug;
		};
		24F78A9313B6F8A800952372 /* Release */ = {
			isa = XCBuildConfiguration;
			buildSettings = {
				ARCHS = "$(ARCHS_STANDARD_32_BIT)";
				"CODE_SIGN_IDENTITY[sdk=iphoneos*]" = "iPhone Developer";
				GCC_C_LANGUAGE_STANDARD = gnu99;
				GCC_VERSION = com.apple.compilers.llvmgcc42;
				GCC_WARN_ABOUT_RETURN_TYPE = YES;
				GCC_WARN_UNUSED_VARIABLE = YES;
				IPHONEOS_DEPLOYMENT_TARGET = 4.3;
				OTHER_CFLAGS = "-DNS_BLOCK_ASSERTIONS=1";
				SDKROOT = iphoneos;
			};
			name = Release;
		};
		24F78A9513B6F8A800952372 /* Debug */ = {
			isa = XCBuildConfiguration;
			buildSettings = {
				ALWAYS_SEARCH_USER_PATHS = NO;
				COPY_PHASE_STRIP = NO;
				GCC_DYNAMIC_NO_PIC = NO;
				GCC_PRECOMPILE_PREFIX_HEADER = YES;
				GCC_PREFIX_HEADER = "Calculator/Calculator-Prefix.pch";
				INFOPLIST_FILE = "Calculator/Calculator-Info.plist";
				PRODUCT_NAME = "$(TARGET_NAME)";
				TARGETED_DEVICE_FAMILY = 1;
				WRAPPER_EXTENSION = app;
			};
			name = Debug;
		};
		24F78A9613B6F8A800952372 /* Release */ = {
			isa = XCBuildConfiguration;
			buildSettings = {
				ALWAYS_SEARCH_USER_PATHS = NO;
				COPY_PHASE_STRIP = YES;
				GCC_PRECOMPILE_PREFIX_HEADER = YES;
				GCC_PREFIX_HEADER = "Calculator/Calculator-Prefix.pch";
				INFOPLIST_FILE = "Calculator/Calculator-Info.plist";
				PRODUCT_NAME = "$(TARGET_NAME)";
				TARGETED_DEVICE_FAMILY = 1;
				VALIDATE_PRODUCT = YES;
				WRAPPER_EXTENSION = app;
			};
			name = Release;
		};
/* End XCBuildConfiguration section */

/* Begin XCConfigurationList section */
		240B835A13D3FF1500C22801 /* Build configuration list for PBXNativeTarget "CalculatorTest" */ = {
			isa = XCConfigurationList;
			buildConfigurations = (
				240B835813D3FF1500C22801 /* Debug */,
				240B835913D3FF1500C22801 /* Release */,
			);
			defaultConfigurationIsVisible = 0;
		};
		24F78A6D13B6F8A800952372 /* Build configuration list for PBXProject "Calculator" */ = {
			isa = XCConfigurationList;
			buildConfigurations = (
				24F78A9213B6F8A800952372 /* Debug */,
				24F78A9313B6F8A800952372 /* Release */,
			);
			defaultConfigurationIsVisible = 0;
			defaultConfigurationName = Release;
		};
		24F78A9413B6F8A800952372 /* Build configuration list for PBXNativeTarget "Calculator" */ = {
			isa = XCConfigurationList;
			buildConfigurations = (
				24F78A9513B6F8A800952372 /* Debug */,
				24F78A9613B6F8A800952372 /* Release */,
			);
			defaultConfigurationIsVisible = 0;
			defaultConfigurationName = Release;
		};
/* End XCConfigurationList section */
	};
	rootObject = 24F78A6A13B6F8A800952372 /* Project object */;
}
